
Microsoft Visual Studio Solution File, Format Version 12.00
# Visual Studio 2012
Project("{FAE04EC0-301F-11D3-BF4B-00C04F79EFBC}") = "TaxReporter.Application", "TaxReporter.Application\TaxReporter.Application.csproj", "{26496481-658E-4F8E-A9FC-70E34367002D}"
EndProject
Project("{FAE04EC0-301F-11D3-BF4B-00C04F79EFBC}") = "TaxReporter.Core", "TaxReporter.Core\TaxReporter.Core.csproj", "{55184E4A-2634-4715-B275-F679C2B97EFE}"
EndProject
Project("{FAE04EC0-301F-11D3-BF4B-00C04F79EFBC}") = "TaxReporter.Services", "TaxReporter.Services\TaxReporter.Services.csproj", "{E5241C7E-9A18-4691-AFCA-66E41970D74A}"
EndProject
Project("{FAE04EC0-301F-11D3-BF4B-00C04F79EFBC}") = "TaxReporter.DependencyResolution", "TaxReporter.DependencyResolution\TaxReporter.DependencyResolution.csproj", "{7AE9704A-0503-4D76-9A71-12727648F24F}"
EndProject
Project("{2150E333-8FDC-42A3-9474-1A3956D46DE8}") = "Tests", "Tests", "{7856D39A-47D7-402A-9834-9DFADB8D1C35}"
EndProject
Project("{FAE04EC0-301F-11D3-BF4B-00C04F79EFBC}") = "TaxReporter.Services.Tests", "TaxReporter.Services.Tests\TaxReporter.Services.Tests.csproj", "{F042BFA8-AD4F-40B3-A9F0-86BC73716638}"
EndProject
Project("{FAE04EC0-301F-11D3-BF4B-00C04F79EFBC}") = "TaxReporter.Core.Tests", "TaxReporter.Core.Tests\TaxReporter.Core.Tests.csproj", "{E0E817BE-6A83-4054-91DE-CBE1C073EB6D}"
EndProject
Global
	GlobalSection(SolutionConfigurationPlatforms) = preSolution
		Debug|Any CPU = Debug|Any CPU
		Release|Any CPU = Release|Any CPU
	EndGlobalSection
	GlobalSection(ProjectConfigurationPlatforms) = postSolution
		{26496481-658E-4F8E-A9FC-70E34367002D}.Debug|Any CPU.ActiveCfg = Debug|Any CPU
		{26496481-658E-4F8E-A9FC-70E34367002D}.Debug|Any CPU.Build.0 = Debug|Any CPU
		{26496481-658E-4F8E-A9FC-70E34367002D}.Release|Any CPU.ActiveCfg = Release|Any CPU
		{26496481-658E-4F8E-A9FC-70E34367002D}.Release|Any CPU.Build.0 = Release|Any CPU
		{55184E4A-2634-4715-B275-F679C2B97EFE}.Debug|Any CPU.ActiveCfg = Debug|Any CPU
		{55184E4A-2634-4715-B275-F679C2B97EFE}.Debug|Any CPU.Build.0 = Debug|Any CPU
		{55184E4A-2634-4715-B275-F679C2B97EFE}.Release|Any CPU.ActiveCfg = Release|Any CPU
		{55184E4A-2634-4715-B275-F679C2B97EFE}.Release|Any CPU.Build.0 = Release|Any CPU
		{E5241C7E-9A18-4691-AFCA-66E41970D74A}.Debug|Any CPU.ActiveCfg = Debug|Any CPU
		{E5241C7E-9A18-4691-AFCA-66E41970D74A}.Debug|Any CPU.Build.0 = Debug|Any CPU
		{E5241C7E-9A18-4691-AFCA-66E41970D74A}.Release|Any CPU.ActiveCfg = Release|Any CPU
		{E5241C7E-9A18-4691-AFCA-66E41970D74A}.Release|Any CPU.Build.0 = Release|Any CPU
		{7AE9704A-0503-4D76-9A71-12727648F24F}.Debug|Any CPU.ActiveCfg = Debug|Any CPU
		{7AE9704A-0503-4D76-9A71-12727648F24F}.Debug|Any CPU.Build.0 = Debug|Any CPU
		{7AE9704A-0503-4D76-9A71-12727648F24F}.Release|Any CPU.ActiveCfg = Release|Any CPU
		{7AE9704A-0503-4D76-9A71-12727648F24F}.Release|Any CPU.Build.0 = Release|Any CPU
		{F042BFA8-AD4F-40B3-A9F0-86BC73716638}.Debug|Any CPU.ActiveCfg = Debug|Any CPU
		{F042BFA8-AD4F-40B3-A9F0-86BC73716638}.Debug|Any CPU.Build.0 = Debug|Any CPU
		{F042BFA8-AD4F-40B3-A9F0-86BC73716638}.Release|Any CPU.ActiveCfg = Release|Any CPU
		{F042BFA8-AD4F-40B3-A9F0-86BC73716638}.Release|Any CPU.Build.0 = Release|Any CPU
		{E0E817BE-6A83-4054-91DE-CBE1C073EB6D}.Debug|Any CPU.ActiveCfg = Debug|Any CPU
		{E0E817BE-6A83-4054-91DE-CBE1C073EB6D}.Debug|Any CPU.Build.0 = Debug|Any CPU
		{E0E817BE-6A83-4054-91DE-CBE1C073EB6D}.Release|Any CPU.ActiveCfg = Release|Any CPU
		{E0E817BE-6A83-4054-91DE-CBE1C073EB6D}.Release|Any CPU.Build.0 = Release|Any CPU
	EndGlobalSection
	GlobalSection(SolutionProperties) = preSolution
		HideSolutionNode = FALSE
	EndGlobalSection
	GlobalSection(NestedProjects) = preSolution
		{F042BFA8-AD4F-40B3-A9F0-86BC73716638} = {7856D39A-47D7-402A-9834-9DFADB8D1C35}
		{E0E817BE-6A83-4054-91DE-CBE1C073EB6D} = {7856D39A-47D7-402A-9834-9DFADB8D1C35}
	EndGlobalSection
EndGlobal
